name: Content Lock

on:
  push:
    branches:
      - main
  pull_request:
    branches:
      - main

permissions:
  contents: read

jobs:
  content-lock:
    runs-on: ubuntu-latest
    steps:
      - name: Checkout full history
        uses: actions/checkout@v4
        with:
          fetch-depth: 0

      - name: Setup Node
        uses: actions/setup-node@v4
        with:
          node-version: 20

      - name: Resolve comparison base
        id: range
        shell: bash
        run: |
          if [ "${{ github.event_name }}" = "pull_request" ]; then
            BASE="${{ github.event.pull_request.base.sha }}"
          else
            BASE="${{ github.event.before }}"
          fi
          if [ -z "$BASE" ] || [[ "$BASE" =~ ^0+$ ]]; then
            BASE="$(git rev-parse HEAD^)"
          fi
          echo "base=$BASE" >> "$GITHUB_OUTPUT"

      - name: Enforce production content lock
        run: node scripts/content-lock.mjs --check "${{ steps.range.outputs.base }}" "${{ github.sha }}"
